
Microsoft Visual Studio Solution File, Format Version 12.00
# Visual Studio 2013
VisualStudioVersion = 12.0.21005.1
MinimumVisualStudioVersion = 10.0.40219.1
Project("{2150E333-8FDC-42A3-9474-1A3956D46DE8}") = "Test", "Test", "{68A60A11-349D-4A4D-9B35-DE6B6901D637}"
EndProject
Project("{2150E333-8FDC-42A3-9474-1A3956D46DE8}") = "GeniERP", "GeniERP", "{E9553664-700F-4513-837B-6278995DF1A4}"
EndProject
Project("{2150E333-8FDC-42A3-9474-1A3956D46DE8}") = "Logic", "Logic", "{B3690E1E-4DBD-46C0-999F-07C37399A8C8}"
EndProject
Project("{2150E333-8FDC-42A3-9474-1A3956D46DE8}") = "Desktop", "Desktop", "{5869D4BA-AB36-4BBD-BEAD-DB2B13FA9D32}"
EndProject
Project("{2150E333-8FDC-42A3-9474-1A3956D46DE8}") = "Web", "Web", "{38DD690C-3DE3-4DD8-B28F-2A7D6EB47FE4}"
EndProject
Project("{FAE04EC0-301F-11D3-BF4B-00C04F79EFBC}") = "GeniERP.DataAccessLayer", "GeniERP.DataAccessLayer\GeniERP.DataAccessLayer.csproj", "{A7E58B64-AA50-43DC-920C-9D6A661A47AC}"
EndProject
Project("{FAE04EC0-301F-11D3-BF4B-00C04F79EFBC}") = "GeniERP.BusinessLogicLayer", "GeniERP.BusinessLogicLayer\GeniERP.BusinessLogicLayer.csproj", "{2DE7F481-6DE9-462C-AA60-3AA2F2B35BF6}"
EndProject
Project("{FAE04EC0-301F-11D3-BF4B-00C04F79EFBC}") = "GeniERP.Common", "GeniERP.Common\GeniERP.Common.csproj", "{39A72681-BD75-4C79-A0C7-24648CF24B0E}"
EndProject
Project("{2150E333-8FDC-42A3-9474-1A3956D46DE8}") = "GeniActivation", "GeniActivation", "{5033216F-3556-4786-A552-7E0E1409AE10}"
EndProject
Project("{2150E333-8FDC-42A3-9474-1A3956D46DE8}") = "Database", "Database", "{A0D1500A-DB90-4BC4-A403-FB30342777C7}"
EndProject
Project("{00D1A9C2-B5F0-4AF3-8072-F6C62B433612}") = "GeniSQL", "GeniSQL\GeniSQL.sqlproj", "{E88AA9D7-FC2B-421A-829A-8718F881BE1C}"
EndProject
Global
	GlobalSection(SolutionConfigurationPlatforms) = preSolution
		Debug|Any CPU = Debug|Any CPU
		Release|Any CPU = Release|Any CPU
	EndGlobalSection
	GlobalSection(ProjectConfigurationPlatforms) = postSolution
		{A7E58B64-AA50-43DC-920C-9D6A661A47AC}.Debug|Any CPU.ActiveCfg = Debug|Any CPU
		{A7E58B64-AA50-43DC-920C-9D6A661A47AC}.Debug|Any CPU.Build.0 = Debug|Any CPU
		{A7E58B64-AA50-43DC-920C-9D6A661A47AC}.Release|Any CPU.ActiveCfg = Release|Any CPU
		{A7E58B64-AA50-43DC-920C-9D6A661A47AC}.Release|Any CPU.Build.0 = Release|Any CPU
		{2DE7F481-6DE9-462C-AA60-3AA2F2B35BF6}.Debug|Any CPU.ActiveCfg = Debug|Any CPU
		{2DE7F481-6DE9-462C-AA60-3AA2F2B35BF6}.Debug|Any CPU.Build.0 = Debug|Any CPU
		{2DE7F481-6DE9-462C-AA60-3AA2F2B35BF6}.Release|Any CPU.ActiveCfg = Release|Any CPU
		{2DE7F481-6DE9-462C-AA60-3AA2F2B35BF6}.Release|Any CPU.Build.0 = Release|Any CPU
		{39A72681-BD75-4C79-A0C7-24648CF24B0E}.Debug|Any CPU.ActiveCfg = Debug|Any CPU
		{39A72681-BD75-4C79-A0C7-24648CF24B0E}.Debug|Any CPU.Build.0 = Debug|Any CPU
		{39A72681-BD75-4C79-A0C7-24648CF24B0E}.Release|Any CPU.ActiveCfg = Release|Any CPU
		{39A72681-BD75-4C79-A0C7-24648CF24B0E}.Release|Any CPU.Build.0 = Release|Any CPU
		{E88AA9D7-FC2B-421A-829A-8718F881BE1C}.Debug|Any CPU.ActiveCfg = Debug|Any CPU
		{E88AA9D7-FC2B-421A-829A-8718F881BE1C}.Debug|Any CPU.Build.0 = Debug|Any CPU
		{E88AA9D7-FC2B-421A-829A-8718F881BE1C}.Debug|Any CPU.Deploy.0 = Debug|Any CPU
		{E88AA9D7-FC2B-421A-829A-8718F881BE1C}.Release|Any CPU.ActiveCfg = Release|Any CPU
		{E88AA9D7-FC2B-421A-829A-8718F881BE1C}.Release|Any CPU.Build.0 = Release|Any CPU
		{E88AA9D7-FC2B-421A-829A-8718F881BE1C}.Release|Any CPU.Deploy.0 = Release|Any CPU
	EndGlobalSection
	GlobalSection(SolutionProperties) = preSolution
		HideSolutionNode = FALSE
	EndGlobalSection
	GlobalSection(NestedProjects) = preSolution
		{B3690E1E-4DBD-46C0-999F-07C37399A8C8} = {E9553664-700F-4513-837B-6278995DF1A4}
		{5869D4BA-AB36-4BBD-BEAD-DB2B13FA9D32} = {E9553664-700F-4513-837B-6278995DF1A4}
		{38DD690C-3DE3-4DD8-B28F-2A7D6EB47FE4} = {E9553664-700F-4513-837B-6278995DF1A4}
		{A0D1500A-DB90-4BC4-A403-FB30342777C7} = {E9553664-700F-4513-837B-6278995DF1A4}
		{A7E58B64-AA50-43DC-920C-9D6A661A47AC} = {B3690E1E-4DBD-46C0-999F-07C37399A8C8}
		{2DE7F481-6DE9-462C-AA60-3AA2F2B35BF6} = {B3690E1E-4DBD-46C0-999F-07C37399A8C8}
		{39A72681-BD75-4C79-A0C7-24648CF24B0E} = {B3690E1E-4DBD-46C0-999F-07C37399A8C8}
		{E88AA9D7-FC2B-421A-829A-8718F881BE1C} = {A0D1500A-DB90-4BC4-A403-FB30342777C7}
	EndGlobalSection
EndGlobal
